{
  "name": "mpackage",
  "version": "1.0.0",
  "lockfileVersion": 3,
  "requires": true,
  "packages": {
    "": {
      "name": "mpackage",
      "version": "1.0.0",
      "dependencies": {
        "short-unique-id": "^5.2.0"
      }
    },
    "node_modules/short-unique-id": {
      "version": "5.2.0",
      "resolved": "https://registry.npmjs.org/short-unique-id/-/short-unique-id-5.2.0.tgz",
      "integrity": "sha512-cMGfwNyfDZ/nzJ2k2M+ClthBIh//GlZl1JEf47Uoa9XR11bz8Pa2T2wQO4bVrRdH48LrIDWJahQziKo3MjhsWg==",
      "bin": {
        "short-unique-id": "bin/short-unique-id",
        "suid": "bin/short-unique-id"
      }
    }
  }
}
